// !$*UTF8*$!
{
	archiveVersion = 1;
	classes = {
	};
	objectVersion = 56;
	objects = {

/* Begin PBXBuildFile section */
		001DA1802934CF8D00286368 /* AppDelegate.swift in Sources */ = {isa = PBXBuildFile; fileRef = 001DA17F2934CF8D00286368 /* AppDelegate.swift */; };
		001DA1842934CF8D00286368 /* PopularRecipesViewController.swift in Sources */ = {isa = PBXBuildFile; fileRef = 001DA1832934CF8D00286368 /* PopularRecipesViewController.swift */; };
		001DA1892934CF8E00286368 /* Assets.xcassets in Resources */ = {isa = PBXBuildFile; fileRef = 001DA1882934CF8E00286368 /* Assets.xcassets */; };
		001DA18C2934CF8E00286368 /* LaunchScreen.storyboard in Resources */ = {isa = PBXBuildFile; fileRef = 001DA18A2934CF8E00286368 /* LaunchScreen.storyboard */; };
		D9A2B84C29354ECF00C32807 /* CookTabBarController.swift in Sources */ = {isa = PBXBuildFile; fileRef = D9A2B84B29354ECF00C32807 /* CookTabBarController.swift */; };
		D9A2B850293550D900C32807 /* SavedRecipesViewController.swift in Sources */ = {isa = PBXBuildFile; fileRef = D9A2B84F293550D900C32807 /* SavedRecipesViewController.swift */; };
		D9A2B8A229368A5100C32807 /* CollectionViewTableViewCell.swift in Sources */ = {isa = PBXBuildFile; fileRef = D9A2B8A129368A5100C32807 /* CollectionViewTableViewCell.swift */; };
/* End PBXBuildFile section */

/* Begin PBXFileReference section */
		001DA17C2934CF8D00286368 /* СookBook.app */ = {isa = PBXFileReference; explicitFileType = wrapper.application; includeInIndex = 0; path = "СookBook.app"; sourceTree = BUILT_PRODUCTS_DIR; };
		001DA17F2934CF8D00286368 /* AppDelegate.swift */ = {isa = PBXFileReference; lastKnownFileType = sourcecode.swift; path = AppDelegate.swift; sourceTree = "<group>"; };
		001DA1832934CF8D00286368 /* PopularRecipesViewController.swift */ = {isa = PBXFileReference; lastKnownFileType = sourcecode.swift; path = PopularRecipesViewController.swift; sourceTree = "<group>"; };
		001DA1882934CF8E00286368 /* Assets.xcassets */ = {isa = PBXFileReference; lastKnownFileType = folder.assetcatalog; path = Assets.xcassets; sourceTree = "<group>"; };
		001DA18B2934CF8E00286368 /* Base */ = {isa = PBXFileReference; lastKnownFileType = file.storyboard; name = Base; path = Base.lproj/LaunchScreen.storyboard; sourceTree = "<group>"; };
		001DA18D2934CF8E00286368 /* Info.plist */ = {isa = PBXFileReference; lastKnownFileType = text.plist.xml; path = Info.plist; sourceTree = "<group>"; };
		D9A2B84B29354ECF00C32807 /* CookTabBarController.swift */ = {isa = PBXFileReference; lastKnownFileType = sourcecode.swift; path = CookTabBarController.swift; sourceTree = "<group>"; };
		D9A2B84F293550D900C32807 /* SavedRecipesViewController.swift */ = {isa = PBXFileReference; lastKnownFileType = sourcecode.swift; path = SavedRecipesViewController.swift; sourceTree = "<group>"; };
		D9A2B8A129368A5100C32807 /* CollectionViewTableViewCell.swift */ = {isa = PBXFileReference; lastKnownFileType = sourcecode.swift; path = CollectionViewTableViewCell.swift; sourceTree = "<group>"; };
/* End PBXFileReference section */

/* Begin PBXFrameworksBuildPhase section */
		001DA1792934CF8D00286368 /* Frameworks */ = {
			isa = PBXFrameworksBuildPhase;
			buildActionMask = 2147483647;
			files = (
			);
			runOnlyForDeploymentPostprocessing = 0;
		};
/* End PBXFrameworksBuildPhase section */

/* Begin PBXGroup section */
		001DA1732934CF8D00286368 = {
			isa = PBXGroup;
			children = (
				001DA17E2934CF8D00286368 /* СookBook */,
				001DA17D2934CF8D00286368 /* Products */,
			);
			sourceTree = "<group>";
		};
		001DA17D2934CF8D00286368 /* Products */ = {
			isa = PBXGroup;
			children = (
				001DA17C2934CF8D00286368 /* СookBook.app */,
			);
			name = Products;
			sourceTree = "<group>";
		};
		001DA17E2934CF8D00286368 /* СookBook */ = {
			isa = PBXGroup;
			children = (
				D9A2B84729354D3400C32807 /* Sources */,
				D9A2B84629354D0D00C32807 /* Resources */,
			);
			path = "СookBook";
			sourceTree = "<group>";
		};
		D9A2B84529354CFC00C32807 /* App */ = {
			isa = PBXGroup;
			children = (
				001DA17F2934CF8D00286368 /* AppDelegate.swift */,
			);
			path = App;
			sourceTree = "<group>";
		};
		D9A2B84629354D0D00C32807 /* Resources */ = {
			isa = PBXGroup;
			children = (
				001DA1882934CF8E00286368 /* Assets.xcassets */,
				001DA18A2934CF8E00286368 /* LaunchScreen.storyboard */,
				001DA18D2934CF8E00286368 /* Info.plist */,
			);
			path = Resources;
			sourceTree = "<group>";
		};
		D9A2B84729354D3400C32807 /* Sources */ = {
			isa = PBXGroup;
			children = (
				D9A2B84529354CFC00C32807 /* App */,
				D9A2B84929354E7F00C32807 /* Modules */,
			);
			path = Sources;
			sourceTree = "<group>";
		};
		D9A2B84929354E7F00C32807 /* Modules */ = {
			isa = PBXGroup;
			children = (
				D9A2B84A29354E9900C32807 /* CookTabBar */,
				D9A2B84D2935506E00C32807 /* PopularRecipes */,
				D9A2B84E2935509000C32807 /* SavedRecipes */,
			);
			path = Modules;
			sourceTree = "<group>";
		};
		D9A2B84A29354E9900C32807 /* CookTabBar */ = {
			isa = PBXGroup;
			children = (
				D9A2B84B29354ECF00C32807 /* CookTabBarController.swift */,
			);
			path = CookTabBar;
			sourceTree = "<group>";
		};
		D9A2B84D2935506E00C32807 /* PopularRecipes */ = {
			isa = PBXGroup;
			children = (
				D9A2B89F29368A0000C32807 /* Controllers */,
				D9A2B8A029368A0D00C32807 /* Cells */,
			);
			path = PopularRecipes;
			sourceTree = "<group>";
		};
		D9A2B84E2935509000C32807 /* SavedRecipes */ = {
			isa = PBXGroup;
			children = (
				D9A2B84F293550D900C32807 /* SavedRecipesViewController.swift */,
			);
			path = SavedRecipes;
			sourceTree = "<group>";
		};
		D9A2B89F29368A0000C32807 /* Controllers */ = {
			isa = PBXGroup;
			children = (
				001DA1832934CF8D00286368 /* PopularRecipesViewController.swift */,
			);
			path = Controllers;
			sourceTree = "<group>";
		};
		D9A2B8A029368A0D00C32807 /* Cells */ = {
			isa = PBXGroup;
			children = (
				D9A2B8A129368A5100C32807 /* CollectionViewTableViewCell.swift */,
			);
			path = Cells;
			sourceTree = "<group>";
		};
/* End PBXGroup section */

/* Begin PBXNativeTarget section */
		001DA17B2934CF8D00286368 /* СookBook */ = {
			isa = PBXNativeTarget;
			buildConfigurationList = 001DA1902934CF8E00286368 /* Build configuration list for PBXNativeTarget "СookBook" */;
			buildPhases = (
				001DA1782934CF8D00286368 /* Sources */,
				001DA1792934CF8D00286368 /* Frameworks */,
				001DA17A2934CF8D00286368 /* Resources */,
			);
			buildRules = (
			);
			dependencies = (
			);
			name = "СookBook";
			productName = "СookBook";
			productReference = 001DA17C2934CF8D00286368 /* СookBook.app */;
			productType = "com.apple.product-type.application";
		};
/* End PBXNativeTarget section */

/* Begin PBXProject section */
		001DA1742934CF8D00286368 /* Project object */ = {
			isa = PBXProject;
			attributes = {
				BuildIndependentTargetsInParallel = 1;
				LastSwiftUpdateCheck = 1400;
				LastUpgradeCheck = 1400;
				TargetAttributes = {
					001DA17B2934CF8D00286368 = {
						CreatedOnToolsVersion = 14.0;
					};
				};
			};
			buildConfigurationList = 001DA1772934CF8D00286368 /* Build configuration list for PBXProject "СookBook" */;
			compatibilityVersion = "Xcode 14.0";
			developmentRegion = en;
			hasScannedForEncodings = 0;
			knownRegions = (
				en,
				Base,
			);
			mainGroup = 001DA1732934CF8D00286368;
			productRefGroup = 001DA17D2934CF8D00286368 /* Products */;
			projectDirPath = "";
			projectRoot = "";
			targets = (
				001DA17B2934CF8D00286368 /* СookBook */,
			);
		};
/* End PBXProject section */

/* Begin PBXResourcesBuildPhase section */
		001DA17A2934CF8D00286368 /* Resources */ = {
			isa = PBXResourcesBuildPhase;
			buildActionMask = 2147483647;
			files = (
				001DA18C2934CF8E00286368 /* LaunchScreen.storyboard in Resources */,
				001DA1892934CF8E00286368 /* Assets.xcassets in Resources */,
			);
			runOnlyForDeploymentPostprocessing = 0;
		};
/* End PBXResourcesBuildPhase section */

/* Begin PBXSourcesBuildPhase section */
		001DA1782934CF8D00286368 /* Sources */ = {
			isa = PBXSourcesBuildPhase;
			buildActionMask = 2147483647;
			files = (
				D9A2B8A229368A5100C32807 /* CollectionViewTableViewCell.swift in Sources */,
				D9A2B850293550D900C32807 /* SavedRecipesViewController.swift in Sources */,
				D9A2B84C29354ECF00C32807 /* CookTabBarController.swift in Sources */,
				001DA1842934CF8D00286368 /* PopularRecipesViewController.swift in Sources */,
				001DA1802934CF8D00286368 /* AppDelegate.swift in Sources */,
			);
			runOnlyForDeploymentPostprocessing = 0;
		};
/* End PBXSourcesBuildPhase section */

/* Begin PBXVariantGroup section */
		001DA18A2934CF8E00286368 /* LaunchScreen.storyboard */ = {
			isa = PBXVariantGroup;
			children = (
				001DA18B2934CF8E00286368 /* Base */,
			);
			name = LaunchScreen.storyboard;
			sourceTree = "<group>";
		};
/* End PBXVariantGroup section */

/* Begin XCBuildConfiguration section */
		001DA18E2934CF8E00286368 /* Debug */ = {
			isa = XCBuildConfiguration;
			buildSettings = {
				ALWAYS_SEARCH_USER_PATHS = NO;
				CLANG_ANALYZER_NONNULL = YES;
				CLANG_ANALYZER_NUMBER_OBJECT_CONVERSION = YES_AGGRESSIVE;
				CLANG_CXX_LANGUAGE_STANDARD = "gnu++20";
				CLANG_ENABLE_MODULES = YES;
				CLANG_ENABLE_OBJC_ARC = YES;
				CLANG_ENABLE_OBJC_WEAK = YES;
				CLANG_WARN_BLOCK_CAPTURE_AUTORELEASING = YES;
				CLANG_WARN_BOOL_CONVERSION = YES;
				CLANG_WARN_COMMA = YES;
				CLANG_WARN_CONSTANT_CONVERSION = YES;
				CLANG_WARN_DEPRECATED_OBJC_IMPLEMENTATIONS = YES;
				CLANG_WARN_DIRECT_OBJC_ISA_USAGE = YES_ERROR;
				CLANG_WARN_DOCUMENTATION_COMMENTS = YES;
				CLANG_WARN_EMPTY_BODY = YES;
				CLANG_WARN_ENUM_CONVERSION = YES;
				CLANG_WARN_INFINITE_RECURSION = YES;
				CLANG_WARN_INT_CONVERSION = YES;
				CLANG_WARN_NON_LITERAL_NULL_CONVERSION = YES;
				CLANG_WARN_OBJC_IMPLICIT_RETAIN_SELF = YES;
				CLANG_WARN_OBJC_LITERAL_CONVERSION = YES;
				CLANG_WARN_OBJC_ROOT_CLASS = YES_ERROR;
				CLANG_WARN_QUOTED_INCLUDE_IN_FRAMEWORK_HEADER = YES;
				CLANG_WARN_RANGE_LOOP_ANALYSIS = YES;
				CLANG_WARN_STRICT_PROTOTYPES = YES;
				CLANG_WARN_SUSPICIOUS_MOVE = YES;
				CLANG_WARN_UNGUARDED_AVAILABILITY = YES_AGGRESSIVE;
				CLANG_WARN_UNREACHABLE_CODE = YES;
				CLANG_WARN__DUPLICATE_METHOD_MATCH = YES;
				COPY_PHASE_STRIP = NO;
				DEBUG_INFORMATION_FORMAT = dwarf;
				ENABLE_STRICT_OBJC_MSGSEND = YES;
				ENABLE_TESTABILITY = YES;
				GCC_C_LANGUAGE_STANDARD = gnu11;
				GCC_DYNAMIC_NO_PIC = NO;
				GCC_NO_COMMON_BLOCKS = YES;
				GCC_OPTIMIZATION_LEVEL = 0;
				GCC_PREPROCESSOR_DEFINITIONS = (
					"DEBUG=1",
					"$(inherited)",
				);
				GCC_WARN_64_TO_32_BIT_CONVERSION = YES;
				GCC_WARN_ABOUT_RETURN_TYPE = YES_ERROR;
				GCC_WARN_UNDECLARED_SELECTOR = YES;
				GCC_WARN_UNINITIALIZED_AUTOS = YES_AGGRESSIVE;
				GCC_WARN_UNUSED_FUNCTION = YES;
				GCC_WARN_UNUSED_VARIABLE = YES;
				IPHONEOS_DEPLOYMENT_TARGET = 16.0;
				MTL_ENABLE_DEBUG_INFO = INCLUDE_SOURCE;
				MTL_FAST_MATH = YES;
				ONLY_ACTIVE_ARCH = YES;
				SDKROOT = iphoneos;
				SWIFT_ACTIVE_COMPILATION_CONDITIONS = DEBUG;
				SWIFT_OPTIMIZATION_LEVEL = "-Onone";
			};
			name = Debug;
		};
		001DA18F2934CF8E00286368 /* Release */ = {
			isa = XCBuildConfiguration;
			buildSettings = {
				ALWAYS_SEARCH_USER_PATHS = NO;
				CLANG_ANALYZER_NONNULL = YES;
				CLANG_ANALYZER_NUMBER_OBJECT_CONVERSION = YES_AGGRESSIVE;
				CLANG_CXX_LANGUAGE_STANDARD = "gnu++20";
				CLANG_ENABLE_MODULES = YES;
				CLANG_ENABLE_OBJC_ARC = YES;
				CLANG_ENABLE_OBJC_WEAK = YES;
				CLANG_WARN_BLOCK_CAPTURE_AUTORELEASING = YES;
				CLANG_WARN_BOOL_CONVERSION = YES;
				CLANG_WARN_COMMA = YES;
				CLANG_WARN_CONSTANT_CONVERSION = YES;
				CLANG_WARN_DEPRECATED_OBJC_IMPLEMENTATIONS = YES;
				CLANG_WARN_DIRECT_OBJC_ISA_USAGE = YES_ERROR;
				CLANG_WARN_DOCUMENTATION_COMMENTS = YES;
				CLANG_WARN_EMPTY_BODY = YES;
				CLANG_WARN_ENUM_CONVERSION = YES;
				CLANG_WARN_INFINITE_RECURSION = YES;
				CLANG_WARN_INT_CONVERSION = YES;
				CLANG_WARN_NON_LITERAL_NULL_CONVERSION = YES;
				CLANG_WARN_OBJC_IMPLICIT_RETAIN_SELF = YES;
				CLANG_WARN_OBJC_LITERAL_CONVERSION = YES;
				CLANG_WARN_OBJC_ROOT_CLASS = YES_ERROR;
				CLANG_WARN_QUOTED_INCLUDE_IN_FRAMEWORK_HEADER = YES;
				CLANG_WARN_RANGE_LOOP_ANALYSIS = YES;
				CLANG_WARN_STRICT_PROTOTYPES = YES;
				CLANG_WARN_SUSPICIOUS_MOVE = YES;
				CLANG_WARN_UNGUARDED_AVAILABILITY = YES_AGGRESSIVE;
				CLANG_WARN_UNREACHABLE_CODE = YES;
				CLANG_WARN__DUPLICATE_METHOD_MATCH = YES;
				COPY_PHASE_STRIP = NO;
				DEBUG_INFORMATION_FORMAT = "dwarf-with-dsym";
				ENABLE_NS_ASSERTIONS = NO;
				ENABLE_STRICT_OBJC_MSGSEND = YES;
				GCC_C_LANGUAGE_STANDARD = gnu11;
				GCC_NO_COMMON_BLOCKS = YES;
				GCC_WARN_64_TO_32_BIT_CONVERSION = YES;
				GCC_WARN_ABOUT_RETURN_TYPE = YES_ERROR;
				GCC_WARN_UNDECLARED_SELECTOR = YES;
				GCC_WARN_UNINITIALIZED_AUTOS = YES_AGGRESSIVE;
				GCC_WARN_UNUSED_FUNCTION = YES;
				GCC_WARN_UNUSED_VARIABLE = YES;
				IPHONEOS_DEPLOYMENT_TARGET = 16.0;
				MTL_ENABLE_DEBUG_INFO = NO;
				MTL_FAST_MATH = YES;
				SDKROOT = iphoneos;
				SWIFT_COMPILATION_MODE = wholemodule;
				SWIFT_OPTIMIZATION_LEVEL = "-O";
				VALIDATE_PRODUCT = YES;
			};
			name = Release;
		};
		001DA1912934CF8E00286368 /* Debug */ = {
			isa = XCBuildConfiguration;
			buildSettings = {
				ASSETCATALOG_COMPILER_APPICON_NAME = AppIcon;
				ASSETCATALOG_COMPILER_GLOBAL_ACCENT_COLOR_NAME = AccentColor;
				CODE_SIGN_STYLE = Automatic;
				CURRENT_PROJECT_VERSION = 1;
				DEVELOPMENT_TEAM = W9FSXFWG34;
				GENERATE_INFOPLIST_FILE = YES;
				INFOPLIST_FILE = "СookBook/Resources/Info.plist";
				INFOPLIST_KEY_UIApplicationSupportsIndirectInputEvents = YES;
				INFOPLIST_KEY_UILaunchStoryboardName = LaunchScreen;
				INFOPLIST_KEY_UISupportedInterfaceOrientations_iPad = "UIInterfaceOrientationPortrait UIInterfaceOrientationPortraitUpsideDown UIInterfaceOrientationLandscapeLeft UIInterfaceOrientationLandscapeRight";
				INFOPLIST_KEY_UISupportedInterfaceOrientations_iPhone = "UIInterfaceOrientationPortrait UIInterfaceOrientationLandscapeLeft UIInterfaceOrientationLandscapeRight";
				LD_RUNPATH_SEARCH_PATHS = (
					"$(inherited)",
					"@executable_path/Frameworks",
				);
				MARKETING_VERSION = 1.0;
				PRODUCT_BUNDLE_IDENTIFIER = "artemorlov.-ookBook";
				PRODUCT_NAME = "$(TARGET_NAME)";
				SWIFT_EMIT_LOC_STRINGS = YES;
				SWIFT_VERSION = 5.0;
				TARGETED_DEVICE_FAMILY = "1,2";
			};
			name = Debug;
		};
		001DA1922934CF8E00286368 /* Release */ = {
			isa = XCBuildConfiguration;
			buildSettings = {
				ASSETCATALOG_COMPILER_APPICON_NAME = AppIcon;
				ASSETCATALOG_COMPILER_GLOBAL_ACCENT_COLOR_NAME = AccentColor;
				CODE_SIGN_STYLE = Automatic;
				CURRENT_PROJECT_VERSION = 1;
				DEVELOPMENT_TEAM = W9FSXFWG34;
				GENERATE_INFOPLIST_FILE = YES;
				INFOPLIST_FILE = "СookBook/Resources/Info.plist";
				INFOPLIST_KEY_UIApplicationSupportsIndirectInputEvents = YES;
				INFOPLIST_KEY_UILaunchStoryboardName = LaunchScreen;
				INFOPLIST_KEY_UISupportedInterfaceOrientations_iPad = "UIInterfaceOrientationPortrait UIInterfaceOrientationPortraitUpsideDown UIInterfaceOrientationLandscapeLeft UIInterfaceOrientationLandscapeRight";
				INFOPLIST_KEY_UISupportedInterfaceOrientations_iPhone = "UIInterfaceOrientationPortrait UIInterfaceOrientationLandscapeLeft UIInterfaceOrientationLandscapeRight";
				LD_RUNPATH_SEARCH_PATHS = (
					"$(inherited)",
					"@executable_path/Frameworks",
				);
				MARKETING_VERSION = 1.0;
				PRODUCT_BUNDLE_IDENTIFIER = "artemorlov.-ookBook";
				PRODUCT_NAME = "$(TARGET_NAME)";
				SWIFT_EMIT_LOC_STRINGS = YES;
				SWIFT_VERSION = 5.0;
				TARGETED_DEVICE_FAMILY = "1,2";
			};
			name = Release;
		};
/* End XCBuildConfiguration section */

/* Begin XCConfigurationList section */
		001DA1772934CF8D00286368 /* Build configuration list for PBXProject "СookBook" */ = {
			isa = XCConfigurationList;
			buildConfigurations = (
				001DA18E2934CF8E00286368 /* Debug */,
				001DA18F2934CF8E00286368 /* Release */,
			);
			defaultConfigurationIsVisible = 0;
			defaultConfigurationName = Release;
		};
		001DA1902934CF8E00286368 /* Build configuration list for PBXNativeTarget "СookBook" */ = {
			isa = XCConfigurationList;
			buildConfigurations = (
				001DA1912934CF8E00286368 /* Debug */,
				001DA1922934CF8E00286368 /* Release */,
			);
			defaultConfigurationIsVisible = 0;
			defaultConfigurationName = Release;
		};
/* End XCConfigurationList section */
	};
	rootObject = 001DA1742934CF8D00286368 /* Project object */;
}
